
Microsoft Visual Studio Solution File, Format Version 12.00
# Visual Studio Version 17
VisualStudioVersion = 17.7.34024.191
MinimumVisualStudioVersion = 10.0.40219.1
Project("{FAE04EC0-301F-11D3-BF4B-00C04F79EFBC}") = "Lab3_DS", "Lab3_DS.csproj", "{9DABDB4A-1783-4305-9D8A-93F7E135B594}"
EndProject
Global
	GlobalSection(SolutionConfigurationPlatforms) = preSolution
		Debug|Any CPU = Debug|Any CPU
		Release|Any CPU = Release|Any CPU
	EndGlobalSection
	GlobalSection(ProjectConfigurationPlatforms) = postSolution
		{9DABDB4A-1783-4305-9D8A-93F7E135B594}.Debug|Any CPU.ActiveCfg = Debug|Any CPU
		{9DABDB4A-1783-4305-9D8A-93F7E135B594}.Debug|Any CPU.Build.0 = Debug|Any CPU
		{9DABDB4A-1783-4305-9D8A-93F7E135B594}.Release|Any CPU.ActiveCfg = Release|Any CPU
		{9DABDB4A-1783-4305-9D8A-93F7E135B594}.Release|Any CPU.Build.0 = Release|Any CPU
	EndGlobalSection
	GlobalSection(SolutionProperties) = preSolution
		HideSolutionNode = FALSE
	EndGlobalSection
	GlobalSection(ExtensibilityGlobals) = postSolution
		SolutionGuid = {63065B3B-AAB2-4B3D-98DB-70E8A9210A71}
	EndGlobalSection
EndGlobal
